// !$*UTF8*$!
{
	archiveVersion = 1;
	classes = {
	};
	objectVersion = 56;
	objects = {

/* Begin PBXBuildFile section */
		9A040802296BD45900E250A3 /* FuncVC.m in Sources */ = {isa = PBXBuildFile; fileRef = 9A040801296BD45900E250A3 /* FuncVC.m */; };
		9A38712A29666EF9001CCB64 /* AppDelegate.m in Sources */ = {isa = PBXBuildFile; fileRef = 9A38712929666EF9001CCB64 /* AppDelegate.m */; };
		9A38712D29666EF9001CCB64 /* SceneDelegate.m in Sources */ = {isa = PBXBuildFile; fileRef = 9A38712C29666EF9001CCB64 /* SceneDelegate.m */; };
		9A38713329666EFA001CCB64 /* Main.storyboard in Resources */ = {isa = PBXBuildFile; fileRef = 9A38713129666EFA001CCB64 /* Main.storyboard */; };
		9A38713529666EFB001CCB64 /* Assets.xcassets in Resources */ = {isa = PBXBuildFile; fileRef = 9A38713429666EFB001CCB64 /* Assets.xcassets */; };
		9A38713829666EFB001CCB64 /* LaunchScreen.storyboard in Resources */ = {isa = PBXBuildFile; fileRef = 9A38713629666EFB001CCB64 /* LaunchScreen.storyboard */; };
		9A38713B29666EFB001CCB64 /* main.m in Sources */ = {isa = PBXBuildFile; fileRef = 9A38713A29666EFB001CCB64 /* main.m */; };
/* End PBXBuildFile section */

/* Begin PBXFileReference section */
		9A040800296BD45900E250A3 /* FuncVC.h */ = {isa = PBXFileReference; lastKnownFileType = sourcecode.c.h; path = FuncVC.h; sourceTree = "<group>"; };
		9A040801296BD45900E250A3 /* FuncVC.m */ = {isa = PBXFileReference; lastKnownFileType = sourcecode.c.objc; path = FuncVC.m; sourceTree = "<group>"; };
		9A38712529666EF9001CCB64 /* lmsoftware_objective_c_total.app */ = {isa = PBXFileReference; explicitFileType = wrapper.application; includeInIndex = 0; path = lmsoftware_objective_c_total.app; sourceTree = BUILT_PRODUCTS_DIR; };
		9A38712829666EF9001CCB64 /* AppDelegate.h */ = {isa = PBXFileReference; lastKnownFileType = sourcecode.c.h; path = AppDelegate.h; sourceTree = "<group>"; };
		9A38712929666EF9001CCB64 /* AppDelegate.m */ = {isa = PBXFileReference; lastKnownFileType = sourcecode.c.objc; path = AppDelegate.m; sourceTree = "<group>"; };
		9A38712B29666EF9001CCB64 /* SceneDelegate.h */ = {isa = PBXFileReference; lastKnownFileType = sourcecode.c.h; path = SceneDelegate.h; sourceTree = "<group>"; };
		9A38712C29666EF9001CCB64 /* SceneDelegate.m */ = {isa = PBXFileReference; lastKnownFileType = sourcecode.c.objc; path = SceneDelegate.m; sourceTree = "<group>"; };
		9A38713229666EFA001CCB64 /* Base */ = {isa = PBXFileReference; lastKnownFileType = file.storyboard; name = Base; path = Base.lproj/Main.storyboard; sourceTree = "<group>"; };
		9A38713429666EFB001CCB64 /* Assets.xcassets */ = {isa = PBXFileReference; lastKnownFileType = folder.assetcatalog; path = Assets.xcassets; sourceTree = "<group>"; };
		9A38713729666EFB001CCB64 /* Base */ = {isa = PBXFileReference; lastKnownFileType = file.storyboard; name = Base; path = Base.lproj/LaunchScreen.storyboard; sourceTree = "<group>"; };
		9A38713929666EFB001CCB64 /* Info.plist */ = {isa = PBXFileReference; lastKnownFileType = text.plist.xml; path = Info.plist; sourceTree = "<group>"; };
		9A38713A29666EFB001CCB64 /* main.m */ = {isa = PBXFileReference; lastKnownFileType = sourcecode.c.objc; path = main.m; sourceTree = "<group>"; };
		9A3871492966D90F001CCB64 /* Note.md */ = {isa = PBXFileReference; lastKnownFileType = net.daringfireball.markdown; path = Note.md; sourceTree = "<group>"; };
/* End PBXFileReference section */

/* Begin PBXFrameworksBuildPhase section */
		9A38712229666EF9001CCB64 /* Frameworks */ = {
			isa = PBXFrameworksBuildPhase;
			buildActionMask = 2147483647;
			files = (
			);
			runOnlyForDeploymentPostprocessing = 0;
		};
/* End PBXFrameworksBuildPhase section */

/* Begin PBXGroup section */
		9A0407FF296BD3EE00E250A3 /* Controllers */ = {
			isa = PBXGroup;
			children = (
				9A040800296BD45900E250A3 /* FuncVC.h */,
				9A040801296BD45900E250A3 /* FuncVC.m */,
			);
			path = Controllers;
			sourceTree = "<group>";
		};
		9A38711C29666EF9001CCB64 = {
			isa = PBXGroup;
			children = (
				9A3871492966D90F001CCB64 /* Note.md */,
				9A38712729666EF9001CCB64 /* lmsoftware_objective_c_total */,
				9A38712629666EF9001CCB64 /* Products */,
			);
			sourceTree = "<group>";
		};
		9A38712629666EF9001CCB64 /* Products */ = {
			isa = PBXGroup;
			children = (
				9A38712529666EF9001CCB64 /* lmsoftware_objective_c_total.app */,
			);
			name = Products;
			sourceTree = "<group>";
		};
		9A38712729666EF9001CCB64 /* lmsoftware_objective_c_total */ = {
			isa = PBXGroup;
			children = (
				9A0407FF296BD3EE00E250A3 /* Controllers */,
				9A38714329666FF5001CCB64 /* Cores */,
				9A38712829666EF9001CCB64 /* AppDelegate.h */,
				9A38712929666EF9001CCB64 /* AppDelegate.m */,
				9A38712B29666EF9001CCB64 /* SceneDelegate.h */,
				9A38712C29666EF9001CCB64 /* SceneDelegate.m */,
				9A38713129666EFA001CCB64 /* Main.storyboard */,
				9A38713429666EFB001CCB64 /* Assets.xcassets */,
				9A38713629666EFB001CCB64 /* LaunchScreen.storyboard */,
				9A38713929666EFB001CCB64 /* Info.plist */,
				9A38713A29666EFB001CCB64 /* main.m */,
			);
			path = lmsoftware_objective_c_total;
			sourceTree = "<group>";
		};
		9A38714329666FF5001CCB64 /* Cores */ = {
			isa = PBXGroup;
			children = (
			);
			name = Cores;
			path = "Coré";
			sourceTree = "<group>";
		};
/* End PBXGroup section */

/* Begin PBXNativeTarget section */
		9A38712429666EF9001CCB64 /* lmsoftware_objective_c_total */ = {
			isa = PBXNativeTarget;
			buildConfigurationList = 9A38713E29666EFB001CCB64 /* Build configuration list for PBXNativeTarget "lmsoftware_objective_c_total" */;
			buildPhases = (
				9A38712129666EF9001CCB64 /* Sources */,
				9A38712229666EF9001CCB64 /* Frameworks */,
				9A38712329666EF9001CCB64 /* Resources */,
			);
			buildRules = (
			);
			dependencies = (
			);
			name = lmsoftware_objective_c_total;
			productName = lmsoftware_objective_c_total;
			productReference = 9A38712529666EF9001CCB64 /* lmsoftware_objective_c_total.app */;
			productType = "com.apple.product-type.application";
		};
/* End PBXNativeTarget section */

/* Begin PBXProject section */
		9A38711D29666EF9001CCB64 /* Project object */ = {
			isa = PBXProject;
			attributes = {
				BuildIndependentTargetsInParallel = 1;
				LastUpgradeCheck = 1410;
				TargetAttributes = {
					9A38712429666EF9001CCB64 = {
						CreatedOnToolsVersion = 14.1;
					};
				};
			};
			buildConfigurationList = 9A38712029666EF9001CCB64 /* Build configuration list for PBXProject "lmsoftware_objective_c_total" */;
			compatibilityVersion = "Xcode 14.0";
			developmentRegion = en;
			hasScannedForEncodings = 0;
			knownRegions = (
				en,
				Base,
			);
			mainGroup = 9A38711C29666EF9001CCB64;
			productRefGroup = 9A38712629666EF9001CCB64 /* Products */;
			projectDirPath = "";
			projectRoot = "";
			targets = (
				9A38712429666EF9001CCB64 /* lmsoftware_objective_c_total */,
			);
		};
/* End PBXProject section */

/* Begin PBXResourcesBuildPhase section */
		9A38712329666EF9001CCB64 /* Resources */ = {
			isa = PBXResourcesBuildPhase;
			buildActionMask = 2147483647;
			files = (
				9A38713829666EFB001CCB64 /* LaunchScreen.storyboard in Resources */,
				9A38713529666EFB001CCB64 /* Assets.xcassets in Resources */,
				9A38713329666EFA001CCB64 /* Main.storyboard in Resources */,
			);
			runOnlyForDeploymentPostprocessing = 0;
		};
/* End PBXResourcesBuildPhase section */

/* Begin PBXSourcesBuildPhase section */
		9A38712129666EF9001CCB64 /* Sources */ = {
			isa = PBXSourcesBuildPhase;
			buildActionMask = 2147483647;
			files = (
				9A38712A29666EF9001CCB64 /* AppDelegate.m in Sources */,
				9A38713B29666EFB001CCB64 /* main.m in Sources */,
				9A040802296BD45900E250A3 /* FuncVC.m in Sources */,
				9A38712D29666EF9001CCB64 /* SceneDelegate.m in Sources */,
			);
			runOnlyForDeploymentPostprocessing = 0;
		};
/* End PBXSourcesBuildPhase section */

/* Begin PBXVariantGroup section */
		9A38713129666EFA001CCB64 /* Main.storyboard */ = {
			isa = PBXVariantGroup;
			children = (
				9A38713229666EFA001CCB64 /* Base */,
			);
			name = Main.storyboard;
			sourceTree = "<group>";
		};
		9A38713629666EFB001CCB64 /* LaunchScreen.storyboard */ = {
			isa = PBXVariantGroup;
			children = (
				9A38713729666EFB001CCB64 /* Base */,
			);
			name = LaunchScreen.storyboard;
			sourceTree = "<group>";
		};
/* End PBXVariantGroup section */

/* Begin XCBuildConfiguration section */
		9A38713C29666EFB001CCB64 /* Debug */ = {
			isa = XCBuildConfiguration;
			buildSettings = {
				ALWAYS_SEARCH_USER_PATHS = NO;
				CLANG_ANALYZER_NONNULL = YES;
				CLANG_ANALYZER_NUMBER_OBJECT_CONVERSION = YES_AGGRESSIVE;
				CLANG_CXX_LANGUAGE_STANDARD = "gnu++20";
				CLANG_ENABLE_MODULES = YES;
				CLANG_ENABLE_OBJC_ARC = YES;
				CLANG_ENABLE_OBJC_WEAK = YES;
				CLANG_WARN_BLOCK_CAPTURE_AUTORELEASING = YES;
				CLANG_WARN_BOOL_CONVERSION = YES;
				CLANG_WARN_COMMA = YES;
				CLANG_WARN_CONSTANT_CONVERSION = YES;
				CLANG_WARN_DEPRECATED_OBJC_IMPLEMENTATIONS = YES;
				CLANG_WARN_DIRECT_OBJC_ISA_USAGE = YES_ERROR;
				CLANG_WARN_DOCUMENTATION_COMMENTS = YES;
				CLANG_WARN_EMPTY_BODY = YES;
				CLANG_WARN_ENUM_CONVERSION = YES;
				CLANG_WARN_INFINITE_RECURSION = YES;
				CLANG_WARN_INT_CONVERSION = YES;
				CLANG_WARN_NON_LITERAL_NULL_CONVERSION = YES;
				CLANG_WARN_OBJC_IMPLICIT_RETAIN_SELF = YES;
				CLANG_WARN_OBJC_LITERAL_CONVERSION = YES;
				CLANG_WARN_OBJC_ROOT_CLASS = YES_ERROR;
				CLANG_WARN_QUOTED_INCLUDE_IN_FRAMEWORK_HEADER = YES;
				CLANG_WARN_RANGE_LOOP_ANALYSIS = YES;
				CLANG_WARN_STRICT_PROTOTYPES = YES;
				CLANG_WARN_SUSPICIOUS_MOVE = YES;
				CLANG_WARN_UNGUARDED_AVAILABILITY = YES_AGGRESSIVE;
				CLANG_WARN_UNREACHABLE_CODE = YES;
				CLANG_WARN__DUPLICATE_METHOD_MATCH = YES;
				COPY_PHASE_STRIP = NO;
				DEBUG_INFORMATION_FORMAT = dwarf;
				ENABLE_STRICT_OBJC_MSGSEND = YES;
				ENABLE_TESTABILITY = YES;
				GCC_C_LANGUAGE_STANDARD = gnu11;
				GCC_DYNAMIC_NO_PIC = NO;
				GCC_NO_COMMON_BLOCKS = YES;
				GCC_OPTIMIZATION_LEVEL = 0;
				GCC_PREPROCESSOR_DEFINITIONS = (
					"DEBUG=1",
					"$(inherited)",
				);
				GCC_WARN_64_TO_32_BIT_CONVERSION = YES;
				GCC_WARN_ABOUT_RETURN_TYPE = YES_ERROR;
				GCC_WARN_UNDECLARED_SELECTOR = YES;
				GCC_WARN_UNINITIALIZED_AUTOS = YES_AGGRESSIVE;
				GCC_WARN_UNUSED_FUNCTION = YES;
				GCC_WARN_UNUSED_VARIABLE = YES;
				IPHONEOS_DEPLOYMENT_TARGET = 16.1;
				MTL_ENABLE_DEBUG_INFO = INCLUDE_SOURCE;
				MTL_FAST_MATH = YES;
				ONLY_ACTIVE_ARCH = YES;
				SDKROOT = iphoneos;
			};
			name = Debug;
		};
		9A38713D29666EFB001CCB64 /* Release */ = {
			isa = XCBuildConfiguration;
			buildSettings = {
				ALWAYS_SEARCH_USER_PATHS = NO;
				CLANG_ANALYZER_NONNULL = YES;
				CLANG_ANALYZER_NUMBER_OBJECT_CONVERSION = YES_AGGRESSIVE;
				CLANG_CXX_LANGUAGE_STANDARD = "gnu++20";
				CLANG_ENABLE_MODULES = YES;
				CLANG_ENABLE_OBJC_ARC = YES;
				CLANG_ENABLE_OBJC_WEAK = YES;
				CLANG_WARN_BLOCK_CAPTURE_AUTORELEASING = YES;
				CLANG_WARN_BOOL_CONVERSION = YES;
				CLANG_WARN_COMMA = YES;
				CLANG_WARN_CONSTANT_CONVERSION = YES;
				CLANG_WARN_DEPRECATED_OBJC_IMPLEMENTATIONS = YES;
				CLANG_WARN_DIRECT_OBJC_ISA_USAGE = YES_ERROR;
				CLANG_WARN_DOCUMENTATION_COMMENTS = YES;
				CLANG_WARN_EMPTY_BODY = YES;
				CLANG_WARN_ENUM_CONVERSION = YES;
				CLANG_WARN_INFINITE_RECURSION = YES;
				CLANG_WARN_INT_CONVERSION = YES;
				CLANG_WARN_NON_LITERAL_NULL_CONVERSION = YES;
				CLANG_WARN_OBJC_IMPLICIT_RETAIN_SELF = YES;
				CLANG_WARN_OBJC_LITERAL_CONVERSION = YES;
				CLANG_WARN_OBJC_ROOT_CLASS = YES_ERROR;
				CLANG_WARN_QUOTED_INCLUDE_IN_FRAMEWORK_HEADER = YES;
				CLANG_WARN_RANGE_LOOP_ANALYSIS = YES;
				CLANG_WARN_STRICT_PROTOTYPES = YES;
				CLANG_WARN_SUSPICIOUS_MOVE = YES;
				CLANG_WARN_UNGUARDED_AVAILABILITY = YES_AGGRESSIVE;
				CLANG_WARN_UNREACHABLE_CODE = YES;
				CLANG_WARN__DUPLICATE_METHOD_MATCH = YES;
				COPY_PHASE_STRIP = NO;
				DEBUG_INFORMATION_FORMAT = "dwarf-with-dsym";
				ENABLE_NS_ASSERTIONS = NO;
				ENABLE_STRICT_OBJC_MSGSEND = YES;
				GCC_C_LANGUAGE_STANDARD = gnu11;
				GCC_NO_COMMON_BLOCKS = YES;
				GCC_WARN_64_TO_32_BIT_CONVERSION = YES;
				GCC_WARN_ABOUT_RETURN_TYPE = YES_ERROR;
				GCC_WARN_UNDECLARED_SELECTOR = YES;
				GCC_WARN_UNINITIALIZED_AUTOS = YES_AGGRESSIVE;
				GCC_WARN_UNUSED_FUNCTION = YES;
				GCC_WARN_UNUSED_VARIABLE = YES;
				IPHONEOS_DEPLOYMENT_TARGET = 16.1;
				MTL_ENABLE_DEBUG_INFO = NO;
				MTL_FAST_MATH = YES;
				SDKROOT = iphoneos;
				VALIDATE_PRODUCT = YES;
			};
			name = Release;
		};
		9A38713F29666EFB001CCB64 /* Debug */ = {
			isa = XCBuildConfiguration;
			buildSettings = {
				ASSETCATALOG_COMPILER_APPICON_NAME = AppIcon;
				ASSETCATALOG_COMPILER_GLOBAL_ACCENT_COLOR_NAME = AccentColor;
				CODE_SIGN_STYLE = Automatic;
				CURRENT_PROJECT_VERSION = 1;
				DEVELOPMENT_TEAM = 4NWZ65DQ9H;
				GENERATE_INFOPLIST_FILE = YES;
				INFOPLIST_FILE = lmsoftware_objective_c_total/Info.plist;
				INFOPLIST_KEY_UIApplicationSupportsIndirectInputEvents = YES;
				INFOPLIST_KEY_UILaunchStoryboardName = LaunchScreen;
				INFOPLIST_KEY_UIMainStoryboardFile = Main;
				INFOPLIST_KEY_UISupportedInterfaceOrientations_iPad = "UIInterfaceOrientationPortrait UIInterfaceOrientationPortraitUpsideDown UIInterfaceOrientationLandscapeLeft UIInterfaceOrientationLandscapeRight";
				INFOPLIST_KEY_UISupportedInterfaceOrientations_iPhone = "UIInterfaceOrientationPortrait UIInterfaceOrientationLandscapeLeft UIInterfaceOrientationLandscapeRight";
				LD_RUNPATH_SEARCH_PATHS = (
					"$(inherited)",
					"@executable_path/Frameworks",
				);
				MARKETING_VERSION = 1.0;
				PRODUCT_BUNDLE_IDENTIFIER = "com.lmsoftware.lmsoftware-objective-c-total";
				PRODUCT_NAME = "$(TARGET_NAME)";
				SWIFT_EMIT_LOC_STRINGS = YES;
				TARGETED_DEVICE_FAMILY = "1,2";
			};
			name = Debug;
		};
		9A38714029666EFB001CCB64 /* Release */ = {
			isa = XCBuildConfiguration;
			buildSettings = {
				ASSETCATALOG_COMPILER_APPICON_NAME = AppIcon;
				ASSETCATALOG_COMPILER_GLOBAL_ACCENT_COLOR_NAME = AccentColor;
				CODE_SIGN_STYLE = Automatic;
				CURRENT_PROJECT_VERSION = 1;
				DEVELOPMENT_TEAM = 4NWZ65DQ9H;
				GENERATE_INFOPLIST_FILE = YES;
				INFOPLIST_FILE = lmsoftware_objective_c_total/Info.plist;
				INFOPLIST_KEY_UIApplicationSupportsIndirectInputEvents = YES;
				INFOPLIST_KEY_UILaunchStoryboardName = LaunchScreen;
				INFOPLIST_KEY_UIMainStoryboardFile = Main;
				INFOPLIST_KEY_UISupportedInterfaceOrientations_iPad = "UIInterfaceOrientationPortrait UIInterfaceOrientationPortraitUpsideDown UIInterfaceOrientationLandscapeLeft UIInterfaceOrientationLandscapeRight";
				INFOPLIST_KEY_UISupportedInterfaceOrientations_iPhone = "UIInterfaceOrientationPortrait UIInterfaceOrientationLandscapeLeft UIInterfaceOrientationLandscapeRight";
				LD_RUNPATH_SEARCH_PATHS = (
					"$(inherited)",
					"@executable_path/Frameworks",
				);
				MARKETING_VERSION = 1.0;
				PRODUCT_BUNDLE_IDENTIFIER = "com.lmsoftware.lmsoftware-objective-c-total";
				PRODUCT_NAME = "$(TARGET_NAME)";
				SWIFT_EMIT_LOC_STRINGS = YES;
				TARGETED_DEVICE_FAMILY = "1,2";
			};
			name = Release;
		};
/* End XCBuildConfiguration section */

/* Begin XCConfigurationList section */
		9A38712029666EF9001CCB64 /* Build configuration list for PBXProject "lmsoftware_objective_c_total" */ = {
			isa = XCConfigurationList;
			buildConfigurations = (
				9A38713C29666EFB001CCB64 /* Debug */,
				9A38713D29666EFB001CCB64 /* Release */,
			);
			defaultConfigurationIsVisible = 0;
			defaultConfigurationName = Release;
		};
		9A38713E29666EFB001CCB64 /* Build configuration list for PBXNativeTarget "lmsoftware_objective_c_total" */ = {
			isa = XCConfigurationList;
			buildConfigurations = (
				9A38713F29666EFB001CCB64 /* Debug */,
				9A38714029666EFB001CCB64 /* Release */,
			);
			defaultConfigurationIsVisible = 0;
			defaultConfigurationName = Release;
		};
/* End XCConfigurationList section */
	};
	rootObject = 9A38711D29666EF9001CCB64 /* Project object */;
}
